Microsoft Visual Studio Solution File, Format Version 12.00
# Visual Studio 15
VisualStudioVersion = 15.0.26430.4
MinimumVisualStudioVersion = 10.0.40219.1
Project("{9A19103F-16F7-4668-BE54-9A1E7A4F7556}") = "Ofl.YouTube.DependencyInjection.Autofac", "src\Ofl.YouTube.DependencyInjection.Autofac\Ofl.YouTube.DependencyInjection.Autofac.csproj", "{E9BB8B9D-8AC8-44A3-B889-36A93816B891}"
EndProject
Project("{2150E333-8FDC-42A3-9474-1A3956D46DE8}") = "src", "src", "{C7C638A3-B2C3-47B6-9939-C8D499DA2648}"
EndProject
Project("{2150E333-8FDC-42A3-9474-1A3956D46DE8}") = "test", "test", "{0577E63D-A7CD-431D-96D6-ED635EC53424}"
EndProject
Project("{9A19103F-16F7-4668-BE54-9A1E7A4F7556}") = "Ofl.YouTube.DependencyInjection.Autofac.Tests", "test\Ofl.YouTube.DependencyInjection.Autofac.Tests\Ofl.YouTube.DependencyInjection.Autofac.Tests.csproj", "{9C067EC5-3F06-4471-BCD7-9248EE09C97A}"
EndProject
Global
	GlobalSection(SolutionConfigurationPlatforms) = preSolution
		Debug|Any CPU = Debug|Any CPU
		Release|Any CPU = Release|Any CPU
	EndGlobalSection
	GlobalSection(ProjectConfigurationPlatforms) = postSolution
		{E9BB8B9D-8AC8-44A3-B889-36A93816B891}.Debug|Any CPU.ActiveCfg = Debug|Any CPU
		{E9BB8B9D-8AC8-44A3-B889-36A93816B891}.Debug|Any CPU.Build.0 = Debug|Any CPU
		{E9BB8B9D-8AC8-44A3-B889-36A93816B891}.Release|Any CPU.ActiveCfg = Release|Any CPU
		{E9BB8B9D-8AC8-44A3-B889-36A93816B891}.Release|Any CPU.Build.0 = Release|Any CPU
		{9C067EC5-3F06-4471-BCD7-9248EE09C97A}.Debug|Any CPU.ActiveCfg = Debug|Any CPU
		{9C067EC5-3F06-4471-BCD7-9248EE09C97A}.Debug|Any CPU.Build.0 = Debug|Any CPU
		{9C067EC5-3F06-4471-BCD7-9248EE09C97A}.Release|Any CPU.ActiveCfg = Release|Any CPU
		{9C067EC5-3F06-4471-BCD7-9248EE09C97A}.Release|Any CPU.Build.0 = Release|Any CPU
	EndGlobalSection
	GlobalSection(SolutionProperties) = preSolution
		HideSolutionNode = FALSE
	EndGlobalSection
	GlobalSection(NestedProjects) = preSolution
		{E9BB8B9D-8AC8-44A3-B889-36A93816B891} = {C7C638A3-B2C3-47B6-9939-C8D499DA2648}
		{9C067EC5-3F06-4471-BCD7-9248EE09C97A} = {0577E63D-A7CD-431D-96D6-ED635EC53424}
	EndGlobalSection
EndGlobal
